
Microsoft Visual Studio Solution File, Format Version 12.00
# Visual Studio 15
VisualStudioVersion = 15.0.28307.539
MinimumVisualStudioVersion = 10.0.40219.1
Project("{9A19103F-16F7-4668-BE54-9A1E7A4F7556}") = "SportsStore", "SportsStore\SportsStore.csproj", "{0EAC1303-AE0D-4376-9273-5B2D4E09D3C4}"
EndProject
Project("{FAE04EC0-301F-11D3-BF4B-00C04F79EFBC}") = "SportsStore.Tests", "SportsStore.Tests\SportsStore.Tests.csproj", "{AF16802F-20CE-497D-AAE6-03ABFA2A9263}"
EndProject
Global
	GlobalSection(SolutionConfigurationPlatforms) = preSolution
		Debug|Any CPU = Debug|Any CPU
		Release|Any CPU = Release|Any CPU
	EndGlobalSection
	GlobalSection(ProjectConfigurationPlatforms) = postSolution
		{0EAC1303-AE0D-4376-9273-5B2D4E09D3C4}.Debug|Any CPU.ActiveCfg = Debug|Any CPU
		{0EAC1303-AE0D-4376-9273-5B2D4E09D3C4}.Debug|Any CPU.Build.0 = Debug|Any CPU
		{0EAC1303-AE0D-4376-9273-5B2D4E09D3C4}.Release|Any CPU.ActiveCfg = Release|Any CPU
		{0EAC1303-AE0D-4376-9273-5B2D4E09D3C4}.Release|Any CPU.Build.0 = Release|Any CPU
		{AF16802F-20CE-497D-AAE6-03ABFA2A9263}.Debug|Any CPU.ActiveCfg = Debug|Any CPU
		{AF16802F-20CE-497D-AAE6-03ABFA2A9263}.Debug|Any CPU.Build.0 = Debug|Any CPU
		{AF16802F-20CE-497D-AAE6-03ABFA2A9263}.Release|Any CPU.ActiveCfg = Release|Any CPU
		{AF16802F-20CE-497D-AAE6-03ABFA2A9263}.Release|Any CPU.Build.0 = Release|Any CPU
	EndGlobalSection
	GlobalSection(SolutionProperties) = preSolution
		HideSolutionNode = FALSE
	EndGlobalSection
	GlobalSection(ExtensibilityGlobals) = postSolution
		SolutionGuid = {12906DAF-CA60-42F8-AD6C-78A161A41E07}
	EndGlobalSection
EndGlobal
